
Microsoft Visual Studio Solution File, Format Version 12.00
# Visual Studio Version 17
VisualStudioVersion = 17.13.35931.197 d17.13
MinimumVisualStudioVersion = 10.0.40219.1
Project("{FAE04EC0-301F-11D3-BF4B-00C04F79EFBC}") = "MauiAppMeuCombustivel", "MauiAppMeuCombustivel\MauiAppMeuCombustivel.csproj", "{45C98F67-32C4-43F6-95FE-8F7138030CF4}"
EndProject
Global
	GlobalSection(SolutionConfigurationPlatforms) = preSolution
		Debug|Any CPU = Debug|Any CPU
		Release|Any CPU = Release|Any CPU
	EndGlobalSection
	GlobalSection(ProjectConfigurationPlatforms) = postSolution
		{45C98F67-32C4-43F6-95FE-8F7138030CF4}.Debug|Any CPU.ActiveCfg = Debug|Any CPU
		{45C98F67-32C4-43F6-95FE-8F7138030CF4}.Debug|Any CPU.Build.0 = Debug|Any CPU
		{45C98F67-32C4-43F6-95FE-8F7138030CF4}.Debug|Any CPU.Deploy.0 = Debug|Any CPU
		{45C98F67-32C4-43F6-95FE-8F7138030CF4}.Release|Any CPU.ActiveCfg = Release|Any CPU
		{45C98F67-32C4-43F6-95FE-8F7138030CF4}.Release|Any CPU.Build.0 = Release|Any CPU
		{45C98F67-32C4-43F6-95FE-8F7138030CF4}.Release|Any CPU.Deploy.0 = Release|Any CPU
	EndGlobalSection
	GlobalSection(SolutionProperties) = preSolution
		HideSolutionNode = FALSE
	EndGlobalSection
	GlobalSection(ExtensibilityGlobals) = postSolution
		SolutionGuid = {30EAA6BC-82CB-4ABE-9D21-D64F03B7B6A6}
	EndGlobalSection
EndGlobal
